
Microsoft Visual Studio Solution File, Format Version 12.00
# Visual Studio Version 17
VisualStudioVersion = 17.0.31903.59
MinimumVisualStudioVersion = 10.0.40219.1
Project("{9A19103F-16F7-4668-BE54-9A1E7A4F7556}") = "MagazineImport.AzureFunctions", "MagazineImport.AzureFunctions\MagazineImport.AzureFunctions.csproj", "{409934B2-50CB-46FF-B8E3-B4894EF7AEA8}"
EndProject
Project("{FAE04EC0-301F-11D3-BF4B-00C04F79EFBC}") = "MagazineImport.Code", "MagazineImport.Code\MagazineImport.Code.csproj", "{37060404-C4CA-4D3B-A8E9-95B009F86FFC}"
EndProject
Global
	GlobalSection(SolutionConfigurationPlatforms) = preSolution
		Debug|Any CPU = Debug|Any CPU
		Release|Any CPU = Release|Any CPU
	EndGlobalSection
	GlobalSection(ProjectConfigurationPlatforms) = postSolution
		{409934B2-50CB-46FF-B8E3-B4894EF7AEA8}.Debug|Any CPU.ActiveCfg = Debug|Any CPU
		{409934B2-50CB-46FF-B8E3-B4894EF7AEA8}.Debug|Any CPU.Build.0 = Debug|Any CPU
		{409934B2-50CB-46FF-B8E3-B4894EF7AEA8}.Release|Any CPU.ActiveCfg = Release|Any CPU
		{409934B2-50CB-46FF-B8E3-B4894EF7AEA8}.Release|Any CPU.Build.0 = Release|Any CPU
		{37060404-C4CA-4D3B-A8E9-95B009F86FFC}.Debug|Any CPU.ActiveCfg = Debug|Any CPU
		{37060404-C4CA-4D3B-A8E9-95B009F86FFC}.Debug|Any CPU.Build.0 = Debug|Any CPU
		{37060404-C4CA-4D3B-A8E9-95B009F86FFC}.Release|Any CPU.ActiveCfg = Release|Any CPU
		{37060404-C4CA-4D3B-A8E9-95B009F86FFC}.Release|Any CPU.Build.0 = Release|Any CPU
	EndGlobalSection
	GlobalSection(SolutionProperties) = preSolution
		HideSolutionNode = FALSE
	EndGlobalSection
	GlobalSection(ExtensibilityGlobals) = postSolution
		SolutionGuid = {5A25A441-411E-460D-850C-B00147ECDE11}
	EndGlobalSection
EndGlobal
